{
  "version": 4,
  "terraform_version": "0.12.24",
  "serial": 9,
  "lineage": "71420b87-d626-d6f7-cdce-5a5e4194676e",
  "outputs": {
    "app_service_default_hostname": {
      "value": "https://beoecomdev-appservice.azurewebsites.net",
      "type": "string"
    },
    "app_service_name": {
      "value": "beoecomdev-appservice",
      "type": "string"
    }
  },
  "resources": [
    {
      "mode": "managed",
      "type": "azurerm_app_service",
      "name": "appsvc",
      "provider": "provider.azurerm",
      "instances": [
        {
          "schema_version": 0,
          "attributes": {
            "app_service_plan_id": "/subscriptions/08896c78-cdb8-472b-bef3-b474be3e57fc/resourceGroups/beoecomtest/providers/Microsoft.Web/serverfarms/beoecomtest-asp",
            "app_settings": {},
            "auth_settings": [
              {
                "active_directory": [],
                "additional_login_params": {},
                "allowed_external_redirect_urls": [],
                "default_provider": "",
                "enabled": false,
                "facebook": [],
                "google": [],
                "issuer": "",
                "microsoft": [],
                "runtime_version": "",
                "token_refresh_extension_hours": 0,
                "token_store_enabled": false,
                "twitter": [],
                "unauthenticated_client_action": ""
              }
            ],
            "backup": [],
            "client_affinity_enabled": true,
            "client_cert_enabled": false,
            "connection_string": [],
            "default_site_hostname": "beoecomdev-appservice.azurewebsites.net",
            "enabled": true,
            "https_only": false,
            "id": "/subscriptions/08896c78-cdb8-472b-bef3-b474be3e57fc/resourceGroups/beoecomtest/providers/Microsoft.Web/sites/beoecomdev-appservice",
            "identity": [],
            "location": "eastus",
            "logs": [
              {
                "application_logs": [
                  {
                    "azure_blob_storage": []
                  }
                ],
                "http_logs": [
                  {
                    "azure_blob_storage": [],
                    "file_system": []
                  }
                ]
              }
            ],
            "name": "beoecomdev-appservice",
            "outbound_ip_addresses": "40.71.11.143,40.117.230.15,104.211.5.249,168.62.181.40,52.168.3.5",
            "possible_outbound_ip_addresses": "40.71.11.143,40.117.230.15,104.211.5.249,168.62.181.40,52.168.3.5,168.62.51.220,13.92.179.222,52.168.2.55,13.92.181.253,168.62.180.253",
            "resource_group_name": "beoecomtest",
            "site_config": [
              {
                "always_on": false,
                "app_command_line": "",
                "auto_swap_slot_name": "",
                "cors": [],
                "default_documents": [
                  "Default.htm",
                  "Default.html",
                  "Default.asp",
                  "index.htm",
                  "index.html",
                  "iisstart.htm",
                  "default.aspx",
                  "index.php",
                  "hostingstart.html"
                ],
                "dotnet_framework_version": "v4.0",
                "ftps_state": "AllAllowed",
                "http2_enabled": false,
                "ip_restriction": [],
                "java_container": "",
                "java_container_version": "",
                "java_version": "",
                "linux_fx_version": "",
                "local_mysql_enabled": false,
                "managed_pipeline_mode": "Integrated",
                "min_tls_version": "1.2",
                "php_version": "",
                "python_version": "",
                "remote_debugging_enabled": false,
                "remote_debugging_version": "",
                "scm_type": "None",
                "use_32_bit_worker_process": true,
                "websockets_enabled": false,
                "windows_fx_version": ""
              }
            ],
            "site_credential": [
              {
                "password": "TJWwpshKh46pjABo9kFJno3bcRtvmQXcy1G1pJkMfDy9S3S0NfwRFMBgR8dg",
                "username": "$beoecomdev-appservice"
              }
            ],
            "source_control": [
              {
                "branch": "master",
                "repo_url": ""
              }
            ],
            "storage_account": [],
            "tags": null,
            "timeouts": null
          },
          "private": "eyJlMmJmYjczMC1lY2FhLTExZTYtOGY4OC0zNDM2M2JjN2M0YzAiOnsiY3JlYXRlIjoxODAwMDAwMDAwMDAwLCJkZWxldGUiOjE4MDAwMDAwMDAwMDAsInJlYWQiOjMwMDAwMDAwMDAwMCwidXBkYXRlIjoxODAwMDAwMDAwMDAwfX0=",
          "dependencies": [
            "azurerm_app_service_plan.asp"
          ]
        }
      ]
    },
    {
      "mode": "managed",
      "type": "azurerm_app_service_plan",
      "name": "asp",
      "provider": "provider.azurerm",
      "instances": [
        {
          "schema_version": 0,
          "attributes": {
            "app_service_environment_id": "",
            "id": "/subscriptions/08896c78-cdb8-472b-bef3-b474be3e57fc/resourceGroups/beoecomtest/providers/Microsoft.Web/serverfarms/beoecomtest-asp",
            "is_xenon": false,
            "kind": "linux",
            "location": "eastus",
            "maximum_elastic_worker_count": 1,
            "maximum_number_of_workers": 10,
            "name": "beoecomtest-asp",
            "per_site_scaling": false,
            "reserved": true,
            "resource_group_name": "beoecomtest",
            "sku": [
              {
                "capacity": 1,
                "size": "S1",
                "tier": "Standard"
              }
            ],
            "tags": null,
            "timeouts": null
          },
          "private": "eyJlMmJmYjczMC1lY2FhLTExZTYtOGY4OC0zNDM2M2JjN2M0YzAiOnsiY3JlYXRlIjozNjAwMDAwMDAwMDAwLCJkZWxldGUiOjM2MDAwMDAwMDAwMDAsInJlYWQiOjMwMDAwMDAwMDAwMCwidXBkYXRlIjozNjAwMDAwMDAwMDAwfX0="
        }
      ]
    }
  ]
}
