# This file is autogenerated, do not edit; changes may be undone by the next 'dep ensure'.


[[projects]]
  digest = "1:ffe9824d294da03b391f44e1ae8281281b4afc1bdaa9588c9097785e3af10cec"
  name = "github.com/davecgh/go-spew"
  packages = ["spew"]
  pruneopts = "UT"
  revision = "8991bc29aa16c548c550c7ff78260e27b9ab7c73"
  version = "v1.1.1"

[[projects]]
  digest = "1:bfdb44592ca77310f52a2365448595b7f388d6cc67d5b3dc3647355fa1a152d6"
  name = "github.com/gruntwork-io/terratest"
  packages = [
    "modules/collections",
    "modules/customerrors",
    "modules/files",
    "modules/logger",
    "modules/retry",
    "modules/shell",
    "modules/ssh",
    "modules/terraform",
    "modules/testing",
  ]
  pruneopts = "UT"
  revision = "87e3c116f24bf0ec99c528debd849c6fb0fb74ba"
  version = "v0.26.6"

[[projects]]
  digest = "1:0028cb19b2e4c3112225cd871870f2d9cf49b9b4276531f03438a88e94be86fe"
  name = "github.com/pmezard/go-difflib"
  packages = ["difflib"]
  pruneopts = "UT"
  revision = "792786c7400a136282c1664665ae0a8db921c6c2"
  version = "v1.0.0"

[[projects]]
  digest = "1:49b1087f45b1e49687da2f8eb49d9e07919d4bad3813344251c722141dcb31d6"
  name = "github.com/stretchr/testify"
  packages = [
    "assert",
    "require",
  ]
  pruneopts = "UT"
  revision = "3ebf1ddaeb260c4b1ae502a01c7844fa8c1fa0e9"
  version = "v1.5.1"

[[projects]]
  branch = "master"
  digest = "1:e009cba77b6fc604cd885c828e0669b26fd542a7473282a21d8f82a470c91d37"
  name = "golang.org/x/crypto"
  packages = [
    "blowfish",
    "chacha20",
    "curve25519",
    "ed25519",
    "ed25519/internal/edwards25519",
    "internal/subtle",
    "poly1305",
    "ssh",
    "ssh/agent",
    "ssh/internal/bcrypt_pbkdf",
  ]
  pruneopts = "UT"
  revision = "4bdfaf469ed5a1194e0ec57ec7b1af73991a7ee3"

[[projects]]
  branch = "master"
  digest = "1:76ee51c3f468493aff39dbacc401e8831fbb765104cbf613b89bef01cf4bad70"
  name = "golang.org/x/net"
  packages = ["context"]
  pruneopts = "UT"
  revision = "e086a090c8fdb9982880f0fb6e3db47af1856533"

[[projects]]
  branch = "master"
  digest = "1:0110babbeb34e338aca6f831fcd8c4eb32a5e5844ca1b8d25a95a56308028e53"
  name = "golang.org/x/sys"
  packages = ["cpu"]
  pruneopts = "UT"
  revision = "1957bb5e6d1f523308b49060df02171d06ddfc77"

[[projects]]
  digest = "1:55b110c99c5fdc4f14930747326acce56b52cfce60b24b1c03ef686ac0e46bb1"
  name = "gopkg.in/yaml.v2"
  packages = ["."]
  pruneopts = "UT"
  revision = "53403b58ad1b561927d19068c655246f2db79d48"
  version = "v2.2.8"

[solve-meta]
  analyzer-name = "dep"
  analyzer-version = 1
  input-imports = [
    "github.com/gruntwork-io/terratest/modules/terraform",
    "github.com/stretchr/testify/assert",
  ]
  solver-name = "gps-cdcl"
  solver-version = 1
